
Microsoft Visual Studio Solution File, Format Version 12.00
# Visual Studio Version 17
VisualStudioVersion = 17.9.34728.123
MinimumVisualStudioVersion = 10.0.40219.1
Project("{9A19103F-16F7-4668-BE54-9A1E7A4F7556}") = "StudentDatabaseServer", "StudentDatabaseServer.csproj", "{80DCEDD5-BCF0-47B7-A71C-CF4EAF57FC75}"
EndProject
Global
	GlobalSection(SolutionConfigurationPlatforms) = preSolution
		Debug|Any CPU = Debug|Any CPU
		Release|Any CPU = Release|Any CPU
	EndGlobalSection
	GlobalSection(ProjectConfigurationPlatforms) = postSolution
		{80DCEDD5-BCF0-47B7-A71C-CF4EAF57FC75}.Debug|Any CPU.ActiveCfg = Debug|Any CPU
		{80DCEDD5-BCF0-47B7-A71C-CF4EAF57FC75}.Debug|Any CPU.Build.0 = Debug|Any CPU
		{80DCEDD5-BCF0-47B7-A71C-CF4EAF57FC75}.Release|Any CPU.ActiveCfg = Release|Any CPU
		{80DCEDD5-BCF0-47B7-A71C-CF4EAF57FC75}.Release|Any CPU.Build.0 = Release|Any CPU
	EndGlobalSection
	GlobalSection(SolutionProperties) = preSolution
		HideSolutionNode = FALSE
	EndGlobalSection
	GlobalSection(ExtensibilityGlobals) = postSolution
		SolutionGuid = {566D8CFC-EC8D-4587-93E9-187F2FFFBE99}
	EndGlobalSection
EndGlobal
